
Microsoft Visual Studio Solution File, Format Version 12.00
# Visual Studio Version 17
VisualStudioVersion = 17.2.32616.157
MinimumVisualStudioVersion = 10.0.40219.1
Project("{9A19103F-16F7-4668-BE54-9A1E7A4F7556}") = "CigarWorld", "CigarWorld\CigarWorld.csproj", "{C925B813-DB74-40AF-BBCF-22B4D6C22DDE}"
EndProject
Project("{FAE04EC0-301F-11D3-BF4B-00C04F79EFBC}") = "CigarWorld.Test", "CigarWorld.Test\CigarWorld.Test.csproj", "{A4632159-BBD4-4F95-9659-FD683AF4DA38}"
EndProject
Global
	GlobalSection(SolutionConfigurationPlatforms) = preSolution
		Debug|Any CPU = Debug|Any CPU
		Release|Any CPU = Release|Any CPU
	EndGlobalSection
	GlobalSection(ProjectConfigurationPlatforms) = postSolution
		{C925B813-DB74-40AF-BBCF-22B4D6C22DDE}.Debug|Any CPU.ActiveCfg = Debug|Any CPU
		{C925B813-DB74-40AF-BBCF-22B4D6C22DDE}.Debug|Any CPU.Build.0 = Debug|Any CPU
		{C925B813-DB74-40AF-BBCF-22B4D6C22DDE}.Release|Any CPU.ActiveCfg = Release|Any CPU
		{C925B813-DB74-40AF-BBCF-22B4D6C22DDE}.Release|Any CPU.Build.0 = Release|Any CPU
		{A4632159-BBD4-4F95-9659-FD683AF4DA38}.Debug|Any CPU.ActiveCfg = Debug|Any CPU
		{A4632159-BBD4-4F95-9659-FD683AF4DA38}.Debug|Any CPU.Build.0 = Debug|Any CPU
		{A4632159-BBD4-4F95-9659-FD683AF4DA38}.Release|Any CPU.ActiveCfg = Release|Any CPU
		{A4632159-BBD4-4F95-9659-FD683AF4DA38}.Release|Any CPU.Build.0 = Release|Any CPU
	EndGlobalSection
	GlobalSection(SolutionProperties) = preSolution
		HideSolutionNode = FALSE
	EndGlobalSection
	GlobalSection(ExtensibilityGlobals) = postSolution
		SolutionGuid = {E1CBBB82-32B0-4CCD-9A21-DF49E0A2A989}
	EndGlobalSection
EndGlobal
